
Microsoft Visual Studio Solution File, Format Version 12.00
# Visual Studio Version 17
VisualStudioVersion = 17.10.35004.147
MinimumVisualStudioVersion = 10.0.40219.1
Project("{00D1A9C2-B5F0-4AF3-8072-F6C62B433612}") = "ChaseTechTaskDataBase", "ChaseTechTaskDataBase\ChaseTechTaskDataBase.sqlproj", "{CF9CE9BA-64B3-40A5-AFC5-72DDB6E22E46}"
EndProject
Global
	GlobalSection(SolutionConfigurationPlatforms) = preSolution
		Debug|Any CPU = Debug|Any CPU
		Release|Any CPU = Release|Any CPU
	EndGlobalSection
	GlobalSection(ProjectConfigurationPlatforms) = postSolution
		{CF9CE9BA-64B3-40A5-AFC5-72DDB6E22E46}.Debug|Any CPU.ActiveCfg = Debug|Any CPU
		{CF9CE9BA-64B3-40A5-AFC5-72DDB6E22E46}.Debug|Any CPU.Build.0 = Debug|Any CPU
		{CF9CE9BA-64B3-40A5-AFC5-72DDB6E22E46}.Debug|Any CPU.Deploy.0 = Debug|Any CPU
		{CF9CE9BA-64B3-40A5-AFC5-72DDB6E22E46}.Release|Any CPU.ActiveCfg = Release|Any CPU
		{CF9CE9BA-64B3-40A5-AFC5-72DDB6E22E46}.Release|Any CPU.Build.0 = Release|Any CPU
		{CF9CE9BA-64B3-40A5-AFC5-72DDB6E22E46}.Release|Any CPU.Deploy.0 = Release|Any CPU
	EndGlobalSection
	GlobalSection(SolutionProperties) = preSolution
		HideSolutionNode = FALSE
	EndGlobalSection
	GlobalSection(ExtensibilityGlobals) = postSolution
		SolutionGuid = {E99BEE16-57E6-421B-B7E3-48CED6445E80}
	EndGlobalSection
EndGlobal
